
Microsoft Visual Studio Solution File, Format Version 12.00
# Visual Studio 15
VisualStudioVersion = 15.0.27703.2035
MinimumVisualStudioVersion = 10.0.40219.1
Project("{FAE04EC0-301F-11D3-BF4B-00C04F79EFBC}") = "WindowsRunnerCSharp", "WindowsRunnerCSharp\WindowsRunnerCSharp.csproj", "{F16CD088-CA7C-4926-A766-2B2C2F36C91D}"
EndProject
Project("{FAE04EC0-301F-11D3-BF4B-00C04F79EFBC}") = "WindowsRunnerCSharpClient", "WindowsRunnerCSharpClient\WindowsRunnerCSharpClient.csproj", "{C14085C7-84CC-45E8-BEE3-8B34E9B46BFC}"
EndProject
Global
	GlobalSection(SolutionConfigurationPlatforms) = preSolution
		Debug|x64 = Debug|x64
		Release|x64 = Release|x64
	EndGlobalSection
	GlobalSection(ProjectConfigurationPlatforms) = postSolution
		{F16CD088-CA7C-4926-A766-2B2C2F36C91D}.Debug|x64.ActiveCfg = Debug|x64
		{F16CD088-CA7C-4926-A766-2B2C2F36C91D}.Debug|x64.Build.0 = Debug|x64
		{F16CD088-CA7C-4926-A766-2B2C2F36C91D}.Release|x64.ActiveCfg = Release|x64
		{F16CD088-CA7C-4926-A766-2B2C2F36C91D}.Release|x64.Build.0 = Release|x64
		{C14085C7-84CC-45E8-BEE3-8B34E9B46BFC}.Debug|x64.ActiveCfg = Debug|Any CPU
		{C14085C7-84CC-45E8-BEE3-8B34E9B46BFC}.Debug|x64.Build.0 = Debug|Any CPU
		{C14085C7-84CC-45E8-BEE3-8B34E9B46BFC}.Release|x64.ActiveCfg = Release|Any CPU
		{C14085C7-84CC-45E8-BEE3-8B34E9B46BFC}.Release|x64.Build.0 = Release|Any CPU
	EndGlobalSection
	GlobalSection(SolutionProperties) = preSolution
		HideSolutionNode = FALSE
	EndGlobalSection
	GlobalSection(ExtensibilityGlobals) = postSolution
		SolutionGuid = {E2B21EE1-796D-4248-A686-420CC9475203}
	EndGlobalSection
EndGlobal
